
Microsoft Visual Studio Solution File, Format Version 12.00
# Visual Studio Version 17
VisualStudioVersion = 17.8.34309.116
MinimumVisualStudioVersion = 10.0.40219.1
Project("{9A19103F-16F7-4668-BE54-9A1E7A4F7556}") = "Cadastro.Domain", "Cadastro.Domain\Cadastro.Domain.csproj", "{4E8767AE-2363-4D5D-B865-CE7A8521134C}"
EndProject
Project("{9A19103F-16F7-4668-BE54-9A1E7A4F7556}") = "Cadastro.Infra.IoC", "Cadastro.Infra.IoC\Cadastro.Infra.IoC.csproj", "{63323C46-3C47-4FB6-888B-AF3E1398707C}"
EndProject
Project("{9A19103F-16F7-4668-BE54-9A1E7A4F7556}") = "Cadastro.Infra.Data", "Cadastro.Infra.Data\Cadastro.Infra.Data.csproj", "{AB2293DC-930B-4D21-AB98-868997110C2C}"
EndProject
Project("{9A19103F-16F7-4668-BE54-9A1E7A4F7556}") = "Cadastro.Application", "Cadastro.Application\Cadastro.Application.csproj", "{4377F391-616F-411B-A726-BEA05EF87871}"
EndProject
Project("{9A19103F-16F7-4668-BE54-9A1E7A4F7556}") = "Cadastro.Consulta", "CadastroConsulta\Cadastro.Consulta.csproj", "{D07C3EDC-8FB9-49EE-ABC7-78FA79F22A4D}"
EndProject
Global
	GlobalSection(SolutionConfigurationPlatforms) = preSolution
		Debug|Any CPU = Debug|Any CPU
		Release|Any CPU = Release|Any CPU
	EndGlobalSection
	GlobalSection(ProjectConfigurationPlatforms) = postSolution
		{4E8767AE-2363-4D5D-B865-CE7A8521134C}.Debug|Any CPU.ActiveCfg = Debug|Any CPU
		{4E8767AE-2363-4D5D-B865-CE7A8521134C}.Debug|Any CPU.Build.0 = Debug|Any CPU
		{4E8767AE-2363-4D5D-B865-CE7A8521134C}.Release|Any CPU.ActiveCfg = Release|Any CPU
		{4E8767AE-2363-4D5D-B865-CE7A8521134C}.Release|Any CPU.Build.0 = Release|Any CPU
		{63323C46-3C47-4FB6-888B-AF3E1398707C}.Debug|Any CPU.ActiveCfg = Debug|Any CPU
		{63323C46-3C47-4FB6-888B-AF3E1398707C}.Debug|Any CPU.Build.0 = Debug|Any CPU
		{63323C46-3C47-4FB6-888B-AF3E1398707C}.Release|Any CPU.ActiveCfg = Release|Any CPU
		{63323C46-3C47-4FB6-888B-AF3E1398707C}.Release|Any CPU.Build.0 = Release|Any CPU
		{AB2293DC-930B-4D21-AB98-868997110C2C}.Debug|Any CPU.ActiveCfg = Debug|Any CPU
		{AB2293DC-930B-4D21-AB98-868997110C2C}.Debug|Any CPU.Build.0 = Debug|Any CPU
		{AB2293DC-930B-4D21-AB98-868997110C2C}.Release|Any CPU.ActiveCfg = Release|Any CPU
		{AB2293DC-930B-4D21-AB98-868997110C2C}.Release|Any CPU.Build.0 = Release|Any CPU
		{4377F391-616F-411B-A726-BEA05EF87871}.Debug|Any CPU.ActiveCfg = Debug|Any CPU
		{4377F391-616F-411B-A726-BEA05EF87871}.Debug|Any CPU.Build.0 = Debug|Any CPU
		{4377F391-616F-411B-A726-BEA05EF87871}.Release|Any CPU.ActiveCfg = Release|Any CPU
		{4377F391-616F-411B-A726-BEA05EF87871}.Release|Any CPU.Build.0 = Release|Any CPU
		{D07C3EDC-8FB9-49EE-ABC7-78FA79F22A4D}.Debug|Any CPU.ActiveCfg = Debug|Any CPU
		{D07C3EDC-8FB9-49EE-ABC7-78FA79F22A4D}.Debug|Any CPU.Build.0 = Debug|Any CPU
		{D07C3EDC-8FB9-49EE-ABC7-78FA79F22A4D}.Release|Any CPU.ActiveCfg = Release|Any CPU
		{D07C3EDC-8FB9-49EE-ABC7-78FA79F22A4D}.Release|Any CPU.Build.0 = Release|Any CPU
	EndGlobalSection
	GlobalSection(SolutionProperties) = preSolution
		HideSolutionNode = FALSE
	EndGlobalSection
	GlobalSection(ExtensibilityGlobals) = postSolution
		SolutionGuid = {2B36D0CD-ADAC-4BC7-B359-0A310AEB3D06}
	EndGlobalSection
EndGlobal
